
Microsoft Visual Studio Solution File, Format Version 12.00
# Visual Studio Version 17
VisualStudioVersion = 17.3.32825.248
MinimumVisualStudioVersion = 10.0.40219.1
Project("{FAE04EC0-301F-11D3-BF4B-00C04F79EFBC}") = "TASK01", "TASK01\TASK01.csproj", "{3E199878-E319-48D2-9681-A0D40353B72E}"
EndProject
Global
	GlobalSection(SolutionConfigurationPlatforms) = preSolution
		Debug|Any CPU = Debug|Any CPU
		Release|Any CPU = Release|Any CPU
	EndGlobalSection
	GlobalSection(ProjectConfigurationPlatforms) = postSolution
		{3E199878-E319-48D2-9681-A0D40353B72E}.Debug|Any CPU.ActiveCfg = Debug|Any CPU
		{3E199878-E319-48D2-9681-A0D40353B72E}.Debug|Any CPU.Build.0 = Debug|Any CPU
		{3E199878-E319-48D2-9681-A0D40353B72E}.Release|Any CPU.ActiveCfg = Release|Any CPU
		{3E199878-E319-48D2-9681-A0D40353B72E}.Release|Any CPU.Build.0 = Release|Any CPU
	EndGlobalSection
	GlobalSection(SolutionProperties) = preSolution
		HideSolutionNode = FALSE
	EndGlobalSection
	GlobalSection(ExtensibilityGlobals) = postSolution
		SolutionGuid = {22D0CD64-7731-46C6-8AE4-7BCDDF83DD42}
	EndGlobalSection
EndGlobal
