
Microsoft Visual Studio Solution File, Format Version 12.00
Project("{FAE04EC0-301F-11D3-BF4B-00C04F79EFBC}") = "LongWords", "LongWords.csproj", "{88E03DDE-3BC4-4E7C-A81C-5D79EB8A9537}"
EndProject
Global
	GlobalSection(SolutionConfigurationPlatforms) = preSolution
		Debug|Any CPU = Debug|Any CPU
		Release|Any CPU = Release|Any CPU
	EndGlobalSection
	GlobalSection(ProjectConfigurationPlatforms) = postSolution
		{88E03DDE-3BC4-4E7C-A81C-5D79EB8A9537}.Debug|Any CPU.ActiveCfg = Debug|Any CPU
		{88E03DDE-3BC4-4E7C-A81C-5D79EB8A9537}.Debug|Any CPU.Build.0 = Debug|Any CPU
		{88E03DDE-3BC4-4E7C-A81C-5D79EB8A9537}.Release|Any CPU.ActiveCfg = Release|Any CPU
		{88E03DDE-3BC4-4E7C-A81C-5D79EB8A9537}.Release|Any CPU.Build.0 = Release|Any CPU
	EndGlobalSection
EndGlobal
