
Microsoft Visual Studio Solution File, Format Version 12.00
# Visual Studio Version 17
VisualStudioVersion = 17.3.32825.248
MinimumVisualStudioVersion = 10.0.40219.1
Project("{FAE04EC0-301F-11D3-BF4B-00C04F79EFBC}") = "HW9.1", "HW9.1\HW9.1.csproj", "{4F6B17AE-32D2-477E-A417-D9E3A3C07F6E}"
EndProject
Global
	GlobalSection(SolutionConfigurationPlatforms) = preSolution
		Debug|Any CPU = Debug|Any CPU
		Release|Any CPU = Release|Any CPU
	EndGlobalSection
	GlobalSection(ProjectConfigurationPlatforms) = postSolution
		{4F6B17AE-32D2-477E-A417-D9E3A3C07F6E}.Debug|Any CPU.ActiveCfg = Debug|Any CPU
		{4F6B17AE-32D2-477E-A417-D9E3A3C07F6E}.Debug|Any CPU.Build.0 = Debug|Any CPU
		{4F6B17AE-32D2-477E-A417-D9E3A3C07F6E}.Release|Any CPU.ActiveCfg = Release|Any CPU
		{4F6B17AE-32D2-477E-A417-D9E3A3C07F6E}.Release|Any CPU.Build.0 = Release|Any CPU
	EndGlobalSection
	GlobalSection(SolutionProperties) = preSolution
		HideSolutionNode = FALSE
	EndGlobalSection
	GlobalSection(ExtensibilityGlobals) = postSolution
		SolutionGuid = {83E1D982-E8A8-4195-BC5C-7B30A6C10270}
	EndGlobalSection
EndGlobal
